
Microsoft Visual Studio Solution File, Format Version 12.00
# Visual Studio 15
VisualStudioVersion = 15.0.27703.2042
MinimumVisualStudioVersion = 10.0.40219.1
Project("{FAE04EC0-301F-11D3-BF4B-00C04F79EFBC}") = "Segmentation and other", "Segmentation and other\Segmentation and other.csproj", "{FF388F88-0CE3-4CE6-ADC0-E21C27457953}"
EndProject
Project("{FAE04EC0-301F-11D3-BF4B-00C04F79EFBC}") = "Core", "Core\Core.csproj", "{FBD74A5C-2CE3-4C19-BD06-F5279DC22C5F}"
EndProject
Global
	GlobalSection(SolutionConfigurationPlatforms) = preSolution
		Debug|Any CPU = Debug|Any CPU
		Release|Any CPU = Release|Any CPU
	EndGlobalSection
	GlobalSection(ProjectConfigurationPlatforms) = postSolution
		{FF388F88-0CE3-4CE6-ADC0-E21C27457953}.Debug|Any CPU.ActiveCfg = Debug|Any CPU
		{FF388F88-0CE3-4CE6-ADC0-E21C27457953}.Debug|Any CPU.Build.0 = Debug|Any CPU
		{FF388F88-0CE3-4CE6-ADC0-E21C27457953}.Release|Any CPU.ActiveCfg = Release|Any CPU
		{FF388F88-0CE3-4CE6-ADC0-E21C27457953}.Release|Any CPU.Build.0 = Release|Any CPU
		{FBD74A5C-2CE3-4C19-BD06-F5279DC22C5F}.Debug|Any CPU.ActiveCfg = Debug|Any CPU
		{FBD74A5C-2CE3-4C19-BD06-F5279DC22C5F}.Debug|Any CPU.Build.0 = Debug|Any CPU
		{FBD74A5C-2CE3-4C19-BD06-F5279DC22C5F}.Release|Any CPU.ActiveCfg = Release|Any CPU
		{FBD74A5C-2CE3-4C19-BD06-F5279DC22C5F}.Release|Any CPU.Build.0 = Release|Any CPU
	EndGlobalSection
	GlobalSection(SolutionProperties) = preSolution
		HideSolutionNode = FALSE
	EndGlobalSection
	GlobalSection(ExtensibilityGlobals) = postSolution
		SolutionGuid = {D506A4CE-1447-436F-A8FC-FA37214A7DCE}
	EndGlobalSection
EndGlobal
